
Microsoft Visual Studio Solution File, Format Version 12.00
# Visual Studio Version 16
VisualStudioVersion = 16.0.31507.150
MinimumVisualStudioVersion = 10.0.40219.1
Project("{FAE04EC0-301F-11D3-BF4B-00C04F79EFBC}") = "Biblioteca", "Biblioteca\Biblioteca.csproj", "{A26B8BBA-01D8-4A54-B66E-DC5CCC5100E4}"
EndProject
Project("{FAE04EC0-301F-11D3-BF4B-00C04F79EFBC}") = "Biblioteca.Tests", "Biblioteca.Tests\Biblioteca.Tests.csproj", "{64D8722D-ACC3-4C0F-8E21-3C16B24CA589}"
EndProject
Global
	GlobalSection(SolutionConfigurationPlatforms) = preSolution
		Debug|Any CPU = Debug|Any CPU
		Release|Any CPU = Release|Any CPU
	EndGlobalSection
	GlobalSection(ProjectConfigurationPlatforms) = postSolution
		{A26B8BBA-01D8-4A54-B66E-DC5CCC5100E4}.Debug|Any CPU.ActiveCfg = Debug|Any CPU
		{A26B8BBA-01D8-4A54-B66E-DC5CCC5100E4}.Debug|Any CPU.Build.0 = Debug|Any CPU
		{A26B8BBA-01D8-4A54-B66E-DC5CCC5100E4}.Release|Any CPU.ActiveCfg = Release|Any CPU
		{A26B8BBA-01D8-4A54-B66E-DC5CCC5100E4}.Release|Any CPU.Build.0 = Release|Any CPU
		{64D8722D-ACC3-4C0F-8E21-3C16B24CA589}.Debug|Any CPU.ActiveCfg = Debug|Any CPU
		{64D8722D-ACC3-4C0F-8E21-3C16B24CA589}.Debug|Any CPU.Build.0 = Debug|Any CPU
		{64D8722D-ACC3-4C0F-8E21-3C16B24CA589}.Release|Any CPU.ActiveCfg = Release|Any CPU
		{64D8722D-ACC3-4C0F-8E21-3C16B24CA589}.Release|Any CPU.Build.0 = Release|Any CPU
	EndGlobalSection
	GlobalSection(SolutionProperties) = preSolution
		HideSolutionNode = FALSE
	EndGlobalSection
	GlobalSection(ExtensibilityGlobals) = postSolution
		SolutionGuid = {979E06EC-F7B0-4216-8755-64A8BE885819}
	EndGlobalSection
EndGlobal
